
Microsoft Visual Studio Solution File, Format Version 12.00
# Visual Studio Version 17
VisualStudioVersion = 17.11.35222.181
MinimumVisualStudioVersion = 10.0.40219.1
Project("{9A19103F-16F7-4668-BE54-9A1E7A4F7556}") = "MyKpiyapProject", "MyKpiyapProject\MyKpiyapProject.csproj", "{BFFE09A9-303D-41D1-B976-67D0FD4FFE38}"
EndProject
Project("{FAE04EC0-301F-11D3-BF4B-00C04F79EFBC}") = "AutoEntryMyWpf", "AutoEntryMyWpf\AutoEntryMyWpf.csproj", "{6EA34267-4480-4608-9F9A-CF64C53209F0}"
EndProject
Global
	GlobalSection(SolutionConfigurationPlatforms) = preSolution
		Debug|Any CPU = Debug|Any CPU
		Release|Any CPU = Release|Any CPU
	EndGlobalSection
	GlobalSection(ProjectConfigurationPlatforms) = postSolution
		{BFFE09A9-303D-41D1-B976-67D0FD4FFE38}.Debug|Any CPU.ActiveCfg = Debug|Any CPU
		{BFFE09A9-303D-41D1-B976-67D0FD4FFE38}.Debug|Any CPU.Build.0 = Debug|Any CPU
		{BFFE09A9-303D-41D1-B976-67D0FD4FFE38}.Release|Any CPU.ActiveCfg = Release|Any CPU
		{BFFE09A9-303D-41D1-B976-67D0FD4FFE38}.Release|Any CPU.Build.0 = Release|Any CPU
		{6EA34267-4480-4608-9F9A-CF64C53209F0}.Debug|Any CPU.ActiveCfg = Debug|Any CPU
		{6EA34267-4480-4608-9F9A-CF64C53209F0}.Debug|Any CPU.Build.0 = Debug|Any CPU
		{6EA34267-4480-4608-9F9A-CF64C53209F0}.Release|Any CPU.ActiveCfg = Release|Any CPU
		{6EA34267-4480-4608-9F9A-CF64C53209F0}.Release|Any CPU.Build.0 = Release|Any CPU
	EndGlobalSection
	GlobalSection(SolutionProperties) = preSolution
		HideSolutionNode = FALSE
	EndGlobalSection
	GlobalSection(ExtensibilityGlobals) = postSolution
		SolutionGuid = {13B47565-6F73-468C-880E-8A989C25E00F}
	EndGlobalSection
EndGlobal
